// !$*UTF8*$!
{
	archiveVersion = 1;
	classes = {
	};
	objectVersion = 46;
	objects = {

/* Begin PBXBuildFile section */
		84BA12BB1BDA28D400F44EE3 /* main.m in Sources */ = {isa = PBXBuildFile; fileRef = 84BA12BA1BDA28D400F44EE3 /* main.m */; };
		84BA12BE1BDA28D400F44EE3 /* AppDelegate.m in Sources */ = {isa = PBXBuildFile; fileRef = 84BA12BD1BDA28D400F44EE3 /* AppDelegate.m */; };
		84BA12C61BDA28D400F44EE3 /* Assets.xcassets in Resources */ = {isa = PBXBuildFile; fileRef = 84BA12C51BDA28D400F44EE3 /* Assets.xcassets */; };
		84BA12C91BDA28D400F44EE3 /* LaunchScreen.storyboard in Resources */ = {isa = PBXBuildFile; fileRef = 84BA12C71BDA28D400F44EE3 /* LaunchScreen.storyboard */; };
		84BA12DC1BDA2BD800F44EE3 /* pic_1.jpg in Resources */ = {isa = PBXBuildFile; fileRef = 84BA12D11BDA2BD800F44EE3 /* pic_1.jpg */; settings = {ASSET_TAGS = (); }; };
		84BA12DD1BDA2BD800F44EE3 /* pic_2.jpg in Resources */ = {isa = PBXBuildFile; fileRef = 84BA12D21BDA2BD800F44EE3 /* pic_2.jpg */; settings = {ASSET_TAGS = (); }; };
		84BA12DE1BDA2BD800F44EE3 /* pic_3.jpg in Resources */ = {isa = PBXBuildFile; fileRef = 84BA12D31BDA2BD800F44EE3 /* pic_3.jpg */; settings = {ASSET_TAGS = (); }; };
		84BA12DF1BDA2BD800F44EE3 /* pic_4.jpg in Resources */ = {isa = PBXBuildFile; fileRef = 84BA12D41BDA2BD800F44EE3 /* pic_4.jpg */; settings = {ASSET_TAGS = (); }; };
		84BA12E11BDA2BD800F44EE3 /* pic_5.jpg in Resources */ = {isa = PBXBuildFile; fileRef = 84BA12D61BDA2BD800F44EE3 /* pic_5.jpg */; settings = {ASSET_TAGS = (); }; };
		84BA12E21BDA2BD800F44EE3 /* UIImage+Expand.m in Sources */ = {isa = PBXBuildFile; fileRef = 84BA12D91BDA2BD800F44EE3 /* UIImage+Expand.m */; settings = {ASSET_TAGS = (); }; };
		84BA12E31BDA2BD800F44EE3 /* UIView+frameAdjust.m in Sources */ = {isa = PBXBuildFile; fileRef = 84BA12DB1BDA2BD800F44EE3 /* UIView+frameAdjust.m */; settings = {ASSET_TAGS = (); }; };
		84BA12E71BDA2C3800F44EE3 /* ScrollingViewController.m in Sources */ = {isa = PBXBuildFile; fileRef = 84BA12E61BDA2C3800F44EE3 /* ScrollingViewController.m */; settings = {ASSET_TAGS = (); }; };
		84BA12EA1BDA2CDB00F44EE3 /* MBScrollView.m in Sources */ = {isa = PBXBuildFile; fileRef = 84BA12E91BDA2CDB00F44EE3 /* MBScrollView.m */; settings = {ASSET_TAGS = (); }; };
/* End PBXBuildFile section */

/* Begin PBXFileReference section */
		84BA12B61BDA28D400F44EE3 /* MBScrollViewScrolling.app */ = {isa = PBXFileReference; explicitFileType = wrapper.application; includeInIndex = 0; path = MBScrollViewScrolling.app; sourceTree = BUILT_PRODUCTS_DIR; };
		84BA12BA1BDA28D400F44EE3 /* main.m */ = {isa = PBXFileReference; lastKnownFileType = sourcecode.c.objc; path = main.m; sourceTree = "<group>"; };
		84BA12BC1BDA28D400F44EE3 /* AppDelegate.h */ = {isa = PBXFileReference; lastKnownFileType = sourcecode.c.h; path = AppDelegate.h; sourceTree = "<group>"; };
		84BA12BD1BDA28D400F44EE3 /* AppDelegate.m */ = {isa = PBXFileReference; lastKnownFileType = sourcecode.c.objc; path = AppDelegate.m; sourceTree = "<group>"; };
		84BA12C51BDA28D400F44EE3 /* Assets.xcassets */ = {isa = PBXFileReference; lastKnownFileType = folder.assetcatalog; path = Assets.xcassets; sourceTree = "<group>"; };
		84BA12C81BDA28D400F44EE3 /* Base */ = {isa = PBXFileReference; lastKnownFileType = file.storyboard; name = Base; path = Base.lproj/LaunchScreen.storyboard; sourceTree = "<group>"; };
		84BA12CA1BDA28D400F44EE3 /* Info.plist */ = {isa = PBXFileReference; lastKnownFileType = text.plist.xml; path = Info.plist; sourceTree = "<group>"; };
		84BA12D11BDA2BD800F44EE3 /* pic_1.jpg */ = {isa = PBXFileReference; lastKnownFileType = image.jpeg; path = pic_1.jpg; sourceTree = "<group>"; };
		84BA12D21BDA2BD800F44EE3 /* pic_2.jpg */ = {isa = PBXFileReference; lastKnownFileType = image.jpeg; path = pic_2.jpg; sourceTree = "<group>"; };
		84BA12D31BDA2BD800F44EE3 /* pic_3.jpg */ = {isa = PBXFileReference; lastKnownFileType = image.jpeg; path = pic_3.jpg; sourceTree = "<group>"; };
		84BA12D41BDA2BD800F44EE3 /* pic_4.jpg */ = {isa = PBXFileReference; lastKnownFileType = image.jpeg; path = pic_4.jpg; sourceTree = "<group>"; };
		84BA12D61BDA2BD800F44EE3 /* pic_5.jpg */ = {isa = PBXFileReference; lastKnownFileType = image.jpeg; path = pic_5.jpg; sourceTree = "<group>"; };
		84BA12D81BDA2BD800F44EE3 /* UIImage+Expand.h */ = {isa = PBXFileReference; fileEncoding = 4; lastKnownFileType = sourcecode.c.h; path = "UIImage+Expand.h"; sourceTree = "<group>"; };
		84BA12D91BDA2BD800F44EE3 /* UIImage+Expand.m */ = {isa = PBXFileReference; fileEncoding = 4; lastKnownFileType = sourcecode.c.objc; path = "UIImage+Expand.m"; sourceTree = "<group>"; };
		84BA12DA1BDA2BD800F44EE3 /* UIView+frameAdjust.h */ = {isa = PBXFileReference; fileEncoding = 4; lastKnownFileType = sourcecode.c.h; path = "UIView+frameAdjust.h"; sourceTree = "<group>"; };
		84BA12DB1BDA2BD800F44EE3 /* UIView+frameAdjust.m */ = {isa = PBXFileReference; fileEncoding = 4; lastKnownFileType = sourcecode.c.objc; path = "UIView+frameAdjust.m"; sourceTree = "<group>"; };
		84BA12E51BDA2C3800F44EE3 /* ScrollingViewController.h */ = {isa = PBXFileReference; fileEncoding = 4; lastKnownFileType = sourcecode.c.h; path = ScrollingViewController.h; sourceTree = "<group>"; };
		84BA12E61BDA2C3800F44EE3 /* ScrollingViewController.m */ = {isa = PBXFileReference; fileEncoding = 4; lastKnownFileType = sourcecode.c.objc; path = ScrollingViewController.m; sourceTree = "<group>"; };
		84BA12E81BDA2CDB00F44EE3 /* MBScrollView.h */ = {isa = PBXFileReference; fileEncoding = 4; lastKnownFileType = sourcecode.c.h; path = MBScrollView.h; sourceTree = "<group>"; };
		84BA12E91BDA2CDB00F44EE3 /* MBScrollView.m */ = {isa = PBXFileReference; fileEncoding = 4; lastKnownFileType = sourcecode.c.objc; path = MBScrollView.m; sourceTree = "<group>"; };
/* End PBXFileReference section */

/* Begin PBXFrameworksBuildPhase section */
		84BA12B31BDA28D400F44EE3 /* Frameworks */ = {
			isa = PBXFrameworksBuildPhase;
			buildActionMask = 2147483647;
			files = (
			);
			runOnlyForDeploymentPostprocessing = 0;
		};
/* End PBXFrameworksBuildPhase section */

/* Begin PBXGroup section */
		84BA12AD1BDA28D400F44EE3 = {
			isa = PBXGroup;
			children = (
				84BA12B81BDA28D400F44EE3 /* MBScrollViewScrolling */,
				84BA12B71BDA28D400F44EE3 /* Products */,
			);
			sourceTree = "<group>";
		};
		84BA12B71BDA28D400F44EE3 /* Products */ = {
			isa = PBXGroup;
			children = (
				84BA12B61BDA28D400F44EE3 /* MBScrollViewScrolling.app */,
			);
			name = Products;
			sourceTree = "<group>";
		};
		84BA12B81BDA28D400F44EE3 /* MBScrollViewScrolling */ = {
			isa = PBXGroup;
			children = (
				84BA12E41BDA2C0C00F44EE3 /* Classes */,
				84BA12D01BDA2BD800F44EE3 /* Image */,
				84BA12D71BDA2BD800F44EE3 /* Tools */,
				84BA12BC1BDA28D400F44EE3 /* AppDelegate.h */,
				84BA12BD1BDA28D400F44EE3 /* AppDelegate.m */,
				84BA12C51BDA28D400F44EE3 /* Assets.xcassets */,
				84BA12C71BDA28D400F44EE3 /* LaunchScreen.storyboard */,
				84BA12CA1BDA28D400F44EE3 /* Info.plist */,
				84BA12B91BDA28D400F44EE3 /* Supporting Files */,
			);
			path = MBScrollViewScrolling;
			sourceTree = "<group>";
		};
		84BA12B91BDA28D400F44EE3 /* Supporting Files */ = {
			isa = PBXGroup;
			children = (
				84BA12BA1BDA28D400F44EE3 /* main.m */,
			);
			name = "Supporting Files";
			sourceTree = "<group>";
		};
		84BA12D01BDA2BD800F44EE3 /* Image */ = {
			isa = PBXGroup;
			children = (
				84BA12D11BDA2BD800F44EE3 /* pic_1.jpg */,
				84BA12D21BDA2BD800F44EE3 /* pic_2.jpg */,
				84BA12D31BDA2BD800F44EE3 /* pic_3.jpg */,
				84BA12D41BDA2BD800F44EE3 /* pic_4.jpg */,
				84BA12D61BDA2BD800F44EE3 /* pic_5.jpg */,
			);
			path = Image;
			sourceTree = "<group>";
		};
		84BA12D71BDA2BD800F44EE3 /* Tools */ = {
			isa = PBXGroup;
			children = (
				84BA12D81BDA2BD800F44EE3 /* UIImage+Expand.h */,
				84BA12D91BDA2BD800F44EE3 /* UIImage+Expand.m */,
				84BA12DA1BDA2BD800F44EE3 /* UIView+frameAdjust.h */,
				84BA12DB1BDA2BD800F44EE3 /* UIView+frameAdjust.m */,
			);
			path = Tools;
			sourceTree = "<group>";
		};
		84BA12E41BDA2C0C00F44EE3 /* Classes */ = {
			isa = PBXGroup;
			children = (
				84BA12E51BDA2C3800F44EE3 /* ScrollingViewController.h */,
				84BA12E61BDA2C3800F44EE3 /* ScrollingViewController.m */,
				84BA12E81BDA2CDB00F44EE3 /* MBScrollView.h */,
				84BA12E91BDA2CDB00F44EE3 /* MBScrollView.m */,
			);
			path = Classes;
			sourceTree = "<group>";
		};
/* End PBXGroup section */

/* Begin PBXNativeTarget section */
		84BA12B51BDA28D400F44EE3 /* MBScrollViewScrolling */ = {
			isa = PBXNativeTarget;
			buildConfigurationList = 84BA12CD1BDA28D400F44EE3 /* Build configuration list for PBXNativeTarget "MBScrollViewScrolling" */;
			buildPhases = (
				84BA12B21BDA28D400F44EE3 /* Sources */,
				84BA12B31BDA28D400F44EE3 /* Frameworks */,
				84BA12B41BDA28D400F44EE3 /* Resources */,
			);
			buildRules = (
			);
			dependencies = (
			);
			name = MBScrollViewScrolling;
			productName = MBScrollViewScrolling;
			productReference = 84BA12B61BDA28D400F44EE3 /* MBScrollViewScrolling.app */;
			productType = "com.apple.product-type.application";
		};
/* End PBXNativeTarget section */

/* Begin PBXProject section */
		84BA12AE1BDA28D400F44EE3 /* Project object */ = {
			isa = PBXProject;
			attributes = {
				LastUpgradeCheck = 0700;
				ORGANIZATIONNAME = yulei;
				TargetAttributes = {
					84BA12B51BDA28D400F44EE3 = {
						CreatedOnToolsVersion = 7.0.1;
						DevelopmentTeam = V6X6L9GEB9;
					};
				};
			};
			buildConfigurationList = 84BA12B11BDA28D400F44EE3 /* Build configuration list for PBXProject "MBScrollViewScrolling" */;
			compatibilityVersion = "Xcode 3.2";
			developmentRegion = English;
			hasScannedForEncodings = 0;
			knownRegions = (
				en,
				Base,
			);
			mainGroup = 84BA12AD1BDA28D400F44EE3;
			productRefGroup = 84BA12B71BDA28D400F44EE3 /* Products */;
			projectDirPath = "";
			projectRoot = "";
			targets = (
				84BA12B51BDA28D400F44EE3 /* MBScrollViewScrolling */,
			);
		};
/* End PBXProject section */

/* Begin PBXResourcesBuildPhase section */
		84BA12B41BDA28D400F44EE3 /* Resources */ = {
			isa = PBXResourcesBuildPhase;
			buildActionMask = 2147483647;
			files = (
				84BA12DC1BDA2BD800F44EE3 /* pic_1.jpg in Resources */,
				84BA12C91BDA28D400F44EE3 /* LaunchScreen.storyboard in Resources */,
				84BA12DF1BDA2BD800F44EE3 /* pic_4.jpg in Resources */,
				84BA12DE1BDA2BD800F44EE3 /* pic_3.jpg in Resources */,
				84BA12E11BDA2BD800F44EE3 /* pic_5.jpg in Resources */,
				84BA12C61BDA28D400F44EE3 /* Assets.xcassets in Resources */,
				84BA12DD1BDA2BD800F44EE3 /* pic_2.jpg in Resources */,
			);
			runOnlyForDeploymentPostprocessing = 0;
		};
/* End PBXResourcesBuildPhase section */

/* Begin PBXSourcesBuildPhase section */
		84BA12B21BDA28D400F44EE3 /* Sources */ = {
			isa = PBXSourcesBuildPhase;
			buildActionMask = 2147483647;
			files = (
				84BA12EA1BDA2CDB00F44EE3 /* MBScrollView.m in Sources */,
				84BA12BE1BDA28D400F44EE3 /* AppDelegate.m in Sources */,
				84BA12E31BDA2BD800F44EE3 /* UIView+frameAdjust.m in Sources */,
				84BA12BB1BDA28D400F44EE3 /* main.m in Sources */,
				84BA12E71BDA2C3800F44EE3 /* ScrollingViewController.m in Sources */,
				84BA12E21BDA2BD800F44EE3 /* UIImage+Expand.m in Sources */,
			);
			runOnlyForDeploymentPostprocessing = 0;
		};
/* End PBXSourcesBuildPhase section */

/* Begin PBXVariantGroup section */
		84BA12C71BDA28D400F44EE3 /* LaunchScreen.storyboard */ = {
			isa = PBXVariantGroup;
			children = (
				84BA12C81BDA28D400F44EE3 /* Base */,
			);
			name = LaunchScreen.storyboard;
			sourceTree = "<group>";
		};
/* End PBXVariantGroup section */

/* Begin XCBuildConfiguration section */
		84BA12CB1BDA28D400F44EE3 /* Debug */ = {
			isa = XCBuildConfiguration;
			buildSettings = {
				ALWAYS_SEARCH_USER_PATHS = NO;
				CLANG_CXX_LANGUAGE_STANDARD = "gnu++0x";
				CLANG_CXX_LIBRARY = "libc++";
				CLANG_ENABLE_MODULES = YES;
				CLANG_ENABLE_OBJC_ARC = YES;
				CLANG_WARN_BOOL_CONVERSION = YES;
				CLANG_WARN_CONSTANT_CONVERSION = YES;
				CLANG_WARN_DIRECT_OBJC_ISA_USAGE = YES_ERROR;
				CLANG_WARN_EMPTY_BODY = YES;
				CLANG_WARN_ENUM_CONVERSION = YES;
				CLANG_WARN_INT_CONVERSION = YES;
				CLANG_WARN_OBJC_ROOT_CLASS = YES_ERROR;
				CLANG_WARN_UNREACHABLE_CODE = YES;
				CLANG_WARN__DUPLICATE_METHOD_MATCH = YES;
				"CODE_SIGN_IDENTITY[sdk=iphoneos*]" = "iPhone Developer";
				COPY_PHASE_STRIP = NO;
				DEBUG_INFORMATION_FORMAT = dwarf;
				ENABLE_STRICT_OBJC_MSGSEND = YES;
				ENABLE_TESTABILITY = YES;
				GCC_C_LANGUAGE_STANDARD = gnu99;
				GCC_DYNAMIC_NO_PIC = NO;
				GCC_NO_COMMON_BLOCKS = YES;
				GCC_OPTIMIZATION_LEVEL = 0;
				GCC_PREPROCESSOR_DEFINITIONS = (
					"DEBUG=1",
					"$(inherited)",
				);
				GCC_WARN_64_TO_32_BIT_CONVERSION = YES;
				GCC_WARN_ABOUT_RETURN_TYPE = YES_ERROR;
				GCC_WARN_UNDECLARED_SELECTOR = YES;
				GCC_WARN_UNINITIALIZED_AUTOS = YES_AGGRESSIVE;
				GCC_WARN_UNUSED_FUNCTION = YES;
				GCC_WARN_UNUSED_VARIABLE = YES;
				IPHONEOS_DEPLOYMENT_TARGET = 7.0;
				MTL_ENABLE_DEBUG_INFO = YES;
				ONLY_ACTIVE_ARCH = YES;
				SDKROOT = iphoneos;
			};
			name = Debug;
		};
		84BA12CC1BDA28D400F44EE3 /* Release */ = {
			isa = XCBuildConfiguration;
			buildSettings = {
				ALWAYS_SEARCH_USER_PATHS = NO;
				CLANG_CXX_LANGUAGE_STANDARD = "gnu++0x";
				CLANG_CXX_LIBRARY = "libc++";
				CLANG_ENABLE_MODULES = YES;
				CLANG_ENABLE_OBJC_ARC = YES;
				CLANG_WARN_BOOL_CONVERSION = YES;
				CLANG_WARN_CONSTANT_CONVERSION = YES;
				CLANG_WARN_DIRECT_OBJC_ISA_USAGE = YES_ERROR;
				CLANG_WARN_EMPTY_BODY = YES;
				CLANG_WARN_ENUM_CONVERSION = YES;
				CLANG_WARN_INT_CONVERSION = YES;
				CLANG_WARN_OBJC_ROOT_CLASS = YES_ERROR;
				CLANG_WARN_UNREACHABLE_CODE = YES;
				CLANG_WARN__DUPLICATE_METHOD_MATCH = YES;
				"CODE_SIGN_IDENTITY[sdk=iphoneos*]" = "iPhone Developer";
				COPY_PHASE_STRIP = NO;
				DEBUG_INFORMATION_FORMAT = "dwarf-with-dsym";
				ENABLE_NS_ASSERTIONS = NO;
				ENABLE_STRICT_OBJC_MSGSEND = YES;
				GCC_C_LANGUAGE_STANDARD = gnu99;
				GCC_NO_COMMON_BLOCKS = YES;
				GCC_WARN_64_TO_32_BIT_CONVERSION = YES;
				GCC_WARN_ABOUT_RETURN_TYPE = YES_ERROR;
				GCC_WARN_UNDECLARED_SELECTOR = YES;
				GCC_WARN_UNINITIALIZED_AUTOS = YES_AGGRESSIVE;
				GCC_WARN_UNUSED_FUNCTION = YES;
				GCC_WARN_UNUSED_VARIABLE = YES;
				IPHONEOS_DEPLOYMENT_TARGET = 7.0;
				MTL_ENABLE_DEBUG_INFO = NO;
				SDKROOT = iphoneos;
				VALIDATE_PRODUCT = YES;
			};
			name = Release;
		};
		84BA12CE1BDA28D400F44EE3 /* Debug */ = {
			isa = XCBuildConfiguration;
			buildSettings = {
				INFOPLIST_FILE = MBScrollViewScrolling/Info.plist;
				IPHONEOS_DEPLOYMENT_TARGET = 7.0;
				LD_RUNPATH_SEARCH_PATHS = "$(inherited) @executable_path/Frameworks";
				PRODUCT_BUNDLE_IDENTIFIER = com.coder.MBScrollViewScrolling;
				PRODUCT_NAME = "$(TARGET_NAME)";
			};
			name = Debug;
		};
		84BA12CF1BDA28D400F44EE3 /* Release */ = {
			isa = XCBuildConfiguration;
			buildSettings = {
				INFOPLIST_FILE = MBScrollViewScrolling/Info.plist;
				IPHONEOS_DEPLOYMENT_TARGET = 7.0;
				LD_RUNPATH_SEARCH_PATHS = "$(inherited) @executable_path/Frameworks";
				PRODUCT_BUNDLE_IDENTIFIER = com.coder.MBScrollViewScrolling;
				PRODUCT_NAME = "$(TARGET_NAME)";
			};
			name = Release;
		};
/* End XCBuildConfiguration section */

/* Begin XCConfigurationList section */
		84BA12B11BDA28D400F44EE3 /* Build configuration list for PBXProject "MBScrollViewScrolling" */ = {
			isa = XCConfigurationList;
			buildConfigurations = (
				84BA12CB1BDA28D400F44EE3 /* Debug */,
				84BA12CC1BDA28D400F44EE3 /* Release */,
			);
			defaultConfigurationIsVisible = 0;
			defaultConfigurationName = Release;
		};
		84BA12CD1BDA28D400F44EE3 /* Build configuration list for PBXNativeTarget "MBScrollViewScrolling" */ = {
			isa = XCConfigurationList;
			buildConfigurations = (
				84BA12CE1BDA28D400F44EE3 /* Debug */,
				84BA12CF1BDA28D400F44EE3 /* Release */,
			);
			defaultConfigurationIsVisible = 0;
			defaultConfigurationName = Release;
		};
/* End XCConfigurationList section */
	};
	rootObject = 84BA12AE1BDA28D400F44EE3 /* Project object */;
}
